
Microsoft Visual Studio Solution File, Format Version 12.00
# Visual Studio Version 17
VisualStudioVersion = 17.2.32526.322
MinimumVisualStudioVersion = 10.0.40219.1
Project("{FAE04EC0-301F-11D3-BF4B-00C04F79EFBC}") = "csFighterPilotGame", "csFighterPilotGame\csFighterPilotGame.csproj", "{894C1DC0-39B0-4E27-AC5D-89A6826587DF}"
EndProject
Global
	GlobalSection(SolutionConfigurationPlatforms) = preSolution
		Debug|Any CPU = Debug|Any CPU
		Release|Any CPU = Release|Any CPU
	EndGlobalSection
	GlobalSection(ProjectConfigurationPlatforms) = postSolution
		{894C1DC0-39B0-4E27-AC5D-89A6826587DF}.Debug|Any CPU.ActiveCfg = Debug|Any CPU
		{894C1DC0-39B0-4E27-AC5D-89A6826587DF}.Debug|Any CPU.Build.0 = Debug|Any CPU
		{894C1DC0-39B0-4E27-AC5D-89A6826587DF}.Release|Any CPU.ActiveCfg = Release|Any CPU
		{894C1DC0-39B0-4E27-AC5D-89A6826587DF}.Release|Any CPU.Build.0 = Release|Any CPU
	EndGlobalSection
	GlobalSection(SolutionProperties) = preSolution
		HideSolutionNode = FALSE
	EndGlobalSection
	GlobalSection(ExtensibilityGlobals) = postSolution
		SolutionGuid = {1F529C0D-5090-453A-B5F1-65F9D3A95D14}
	EndGlobalSection
EndGlobal
